{
  "name": "paralela-e-photoshop",
  "version": "1.0.0",
  "lockfileVersion": 1,
  "requires": true,
  "dependencies": {
    "acorn": {
      "version": "5.7.1",
      "resolved": "https://registry.npmjs.org/acorn/-/acorn-5.7.1.tgz",
      "integrity": "sha512-d+nbxBUGKg7Arpsvbnlq61mc12ek3EY8EQldM3GPAhWJ1UVxC6TDGbIvUMNU6obBX3i1+ptCIzV4vq0gFPEGVQ=="
    },
    "gpu.js": {
      "version": "1.4.3",
      "resolved": "https://registry.npmjs.org/gpu.js/-/gpu.js-1.4.3.tgz",
      "integrity": "sha1-Hml6TZ1pDd3iJ0HPkDcyaXNFOU4=",
      "requires": {
        "acorn": "^5.1.1"
      }
    }
  }
}
